
Microsoft Visual Studio Solution File, Format Version 12.00
# Visual Studio Version 16
VisualStudioVersion = 16.0.30717.126
MinimumVisualStudioVersion = 10.0.40219.1
Project("{FAE04EC0-301F-11D3-BF4B-00C04F79EFBC}") = "kvadratnoe", "kvadratnoe.csproj", "{C8390A0C-1FEB-439F-ADA7-253A37DCF675}"
EndProject
Global
	GlobalSection(SolutionConfigurationPlatforms) = preSolution
		Debug|Any CPU = Debug|Any CPU
		Release|Any CPU = Release|Any CPU
	EndGlobalSection
	GlobalSection(ProjectConfigurationPlatforms) = postSolution
		{C8390A0C-1FEB-439F-ADA7-253A37DCF675}.Debug|Any CPU.ActiveCfg = Debug|Any CPU
		{C8390A0C-1FEB-439F-ADA7-253A37DCF675}.Debug|Any CPU.Build.0 = Debug|Any CPU
		{C8390A0C-1FEB-439F-ADA7-253A37DCF675}.Release|Any CPU.ActiveCfg = Release|Any CPU
		{C8390A0C-1FEB-439F-ADA7-253A37DCF675}.Release|Any CPU.Build.0 = Release|Any CPU
	EndGlobalSection
	GlobalSection(SolutionProperties) = preSolution
		HideSolutionNode = FALSE
	EndGlobalSection
	GlobalSection(ExtensibilityGlobals) = postSolution
		SolutionGuid = {BC5C5AA0-7D4C-4C72-B048-0877496973DF}
	EndGlobalSection
EndGlobal
